
Microsoft Visual Studio Solution File, Format Version 12.00
# Visual Studio 15
VisualStudioVersion = 15.0.28307.168
MinimumVisualStudioVersion = 10.0.40219.1
Project("{FAE04EC0-301F-11D3-BF4B-00C04F79EFBC}") = "FactoryPattern", "FacotryPattern\FactoryPattern.csproj", "{991F30B7-0FAE-491F-91EF-BFBF7B17A143}"
EndProject
Global
	GlobalSection(SolutionConfigurationPlatforms) = preSolution
		Debug|Any CPU = Debug|Any CPU
		Release|Any CPU = Release|Any CPU
	EndGlobalSection
	GlobalSection(ProjectConfigurationPlatforms) = postSolution
		{991F30B7-0FAE-491F-91EF-BFBF7B17A143}.Debug|Any CPU.ActiveCfg = Debug|Any CPU
		{991F30B7-0FAE-491F-91EF-BFBF7B17A143}.Debug|Any CPU.Build.0 = Debug|Any CPU
		{991F30B7-0FAE-491F-91EF-BFBF7B17A143}.Release|Any CPU.ActiveCfg = Release|Any CPU
		{991F30B7-0FAE-491F-91EF-BFBF7B17A143}.Release|Any CPU.Build.0 = Release|Any CPU
	EndGlobalSection
	GlobalSection(SolutionProperties) = preSolution
		HideSolutionNode = FALSE
	EndGlobalSection
	GlobalSection(ExtensibilityGlobals) = postSolution
		SolutionGuid = {A9400CF5-5045-4077-B3AC-94EF9A810853}
	EndGlobalSection
EndGlobal
